
Microsoft Visual Studio Solution File, Format Version 12.00
# Visual Studio Version 17
VisualStudioVersion = 17.11.35327.3
MinimumVisualStudioVersion = 10.0.40219.1
Project("{FAE04EC0-301F-11D3-BF4B-00C04F79EFBC}") = "SalesManagement", "SalesManagement\SalesManagement.csproj", "{B504D911-6132-40B8-B616-F47F4C54E048}"
EndProject
Global
	GlobalSection(SolutionConfigurationPlatforms) = preSolution
		Debug|Any CPU = Debug|Any CPU
		Release|Any CPU = Release|Any CPU
	EndGlobalSection
	GlobalSection(ProjectConfigurationPlatforms) = postSolution
		{B504D911-6132-40B8-B616-F47F4C54E048}.Debug|Any CPU.ActiveCfg = Debug|Any CPU
		{B504D911-6132-40B8-B616-F47F4C54E048}.Debug|Any CPU.Build.0 = Debug|Any CPU
		{B504D911-6132-40B8-B616-F47F4C54E048}.Release|Any CPU.ActiveCfg = Release|Any CPU
		{B504D911-6132-40B8-B616-F47F4C54E048}.Release|Any CPU.Build.0 = Release|Any CPU
	EndGlobalSection
	GlobalSection(SolutionProperties) = preSolution
		HideSolutionNode = FALSE
	EndGlobalSection
	GlobalSection(ExtensibilityGlobals) = postSolution
		SolutionGuid = {6C16A9D2-7FF6-4E1B-BC2C-D8920AA4667C}
	EndGlobalSection
EndGlobal
